
Microsoft Visual Studio Solution File, Format Version 12.00
Project("{FAE04EC0-301F-11D3-BF4B-00C04F79EFBC}") = "Bigamer.Presentation", "Bigamer.Presentation\Bigamer.Presentation.csproj", "{4BB9721D-E8A5-4E46-A9CB-D0D4A42452E4}"
EndProject
Project("{2150E333-8FDC-42A3-9474-1A3956D46DE8}") = "Presentation", "Presentation", "{FF3F5DEF-9C13-4293-BD13-FC928C7716D8}"
EndProject
Project("{2150E333-8FDC-42A3-9474-1A3956D46DE8}") = "Core", "Core", "{85833F67-5C24-42A7-942A-49EE26AFF416}"
EndProject
Project("{2150E333-8FDC-42A3-9474-1A3956D46DE8}") = "Infrastructure", "Infrastructure", "{9FF6CA3E-39E2-4DE9-82C1-A510776B2587}"
EndProject
Project("{2150E333-8FDC-42A3-9474-1A3956D46DE8}") = "Shared", "Shared", "{A023B395-C472-44E5-AF65-3C8F98FA668B}"
EndProject
Project("{FAE04EC0-301F-11D3-BF4B-00C04F79EFBC}") = "Bigamer.Application", "Bigamer.Application\Bigamer.Application.csproj", "{8CD1616C-219D-4A22-B573-EF0D77FAE3B7}"
EndProject
Project("{FAE04EC0-301F-11D3-BF4B-00C04F79EFBC}") = "Bigamer.Domain", "Bigamer.Domain\Bigamer.Domain.csproj", "{240F5790-31EA-4FF8-B8E9-7BB34F479316}"
EndProject
Project("{FAE04EC0-301F-11D3-BF4B-00C04F79EFBC}") = "Bigamer.Infrastructure", "Bigamer.Infrastructure\Bigamer.Infrastructure.csproj", "{3FFA66B6-9948-4626-9B95-711D07C256FD}"
EndProject
Project("{FAE04EC0-301F-11D3-BF4B-00C04F79EFBC}") = "Bigamer.Persistence", "Bigamer.Persistence\Bigamer.Persistence.csproj", "{C1BC58EE-D23D-4B54-BD0C-14FB1341C2A1}"
EndProject
Project("{FAE04EC0-301F-11D3-BF4B-00C04F79EFBC}") = "Bigamer.Shared", "Bigamer.Shared\Bigamer.Shared.csproj", "{1C5C4C02-12BD-4CEE-A1C3-E355B47C4AA7}"
EndProject
Global
	GlobalSection(SolutionConfigurationPlatforms) = preSolution
		Debug|Any CPU = Debug|Any CPU
		Release|Any CPU = Release|Any CPU
	EndGlobalSection
	GlobalSection(ProjectConfigurationPlatforms) = postSolution
		{4BB9721D-E8A5-4E46-A9CB-D0D4A42452E4}.Debug|Any CPU.ActiveCfg = Debug|Any CPU
		{4BB9721D-E8A5-4E46-A9CB-D0D4A42452E4}.Debug|Any CPU.Build.0 = Debug|Any CPU
		{4BB9721D-E8A5-4E46-A9CB-D0D4A42452E4}.Release|Any CPU.ActiveCfg = Release|Any CPU
		{4BB9721D-E8A5-4E46-A9CB-D0D4A42452E4}.Release|Any CPU.Build.0 = Release|Any CPU
		{8CD1616C-219D-4A22-B573-EF0D77FAE3B7}.Debug|Any CPU.ActiveCfg = Debug|Any CPU
		{8CD1616C-219D-4A22-B573-EF0D77FAE3B7}.Debug|Any CPU.Build.0 = Debug|Any CPU
		{8CD1616C-219D-4A22-B573-EF0D77FAE3B7}.Release|Any CPU.ActiveCfg = Release|Any CPU
		{8CD1616C-219D-4A22-B573-EF0D77FAE3B7}.Release|Any CPU.Build.0 = Release|Any CPU
		{240F5790-31EA-4FF8-B8E9-7BB34F479316}.Debug|Any CPU.ActiveCfg = Debug|Any CPU
		{240F5790-31EA-4FF8-B8E9-7BB34F479316}.Debug|Any CPU.Build.0 = Debug|Any CPU
		{240F5790-31EA-4FF8-B8E9-7BB34F479316}.Release|Any CPU.ActiveCfg = Release|Any CPU
		{240F5790-31EA-4FF8-B8E9-7BB34F479316}.Release|Any CPU.Build.0 = Release|Any CPU
		{3FFA66B6-9948-4626-9B95-711D07C256FD}.Debug|Any CPU.ActiveCfg = Debug|Any CPU
		{3FFA66B6-9948-4626-9B95-711D07C256FD}.Debug|Any CPU.Build.0 = Debug|Any CPU
		{3FFA66B6-9948-4626-9B95-711D07C256FD}.Release|Any CPU.ActiveCfg = Release|Any CPU
		{3FFA66B6-9948-4626-9B95-711D07C256FD}.Release|Any CPU.Build.0 = Release|Any CPU
		{C1BC58EE-D23D-4B54-BD0C-14FB1341C2A1}.Debug|Any CPU.ActiveCfg = Debug|Any CPU
		{C1BC58EE-D23D-4B54-BD0C-14FB1341C2A1}.Debug|Any CPU.Build.0 = Debug|Any CPU
		{C1BC58EE-D23D-4B54-BD0C-14FB1341C2A1}.Release|Any CPU.ActiveCfg = Release|Any CPU
		{C1BC58EE-D23D-4B54-BD0C-14FB1341C2A1}.Release|Any CPU.Build.0 = Release|Any CPU
		{1C5C4C02-12BD-4CEE-A1C3-E355B47C4AA7}.Debug|Any CPU.ActiveCfg = Debug|Any CPU
		{1C5C4C02-12BD-4CEE-A1C3-E355B47C4AA7}.Debug|Any CPU.Build.0 = Debug|Any CPU
		{1C5C4C02-12BD-4CEE-A1C3-E355B47C4AA7}.Release|Any CPU.ActiveCfg = Release|Any CPU
		{1C5C4C02-12BD-4CEE-A1C3-E355B47C4AA7}.Release|Any CPU.Build.0 = Release|Any CPU
	EndGlobalSection
	GlobalSection(NestedProjects) = preSolution
		{4BB9721D-E8A5-4E46-A9CB-D0D4A42452E4} = {FF3F5DEF-9C13-4293-BD13-FC928C7716D8}
		{8CD1616C-219D-4A22-B573-EF0D77FAE3B7} = {85833F67-5C24-42A7-942A-49EE26AFF416}
		{240F5790-31EA-4FF8-B8E9-7BB34F479316} = {85833F67-5C24-42A7-942A-49EE26AFF416}
		{3FFA66B6-9948-4626-9B95-711D07C256FD} = {9FF6CA3E-39E2-4DE9-82C1-A510776B2587}
		{C1BC58EE-D23D-4B54-BD0C-14FB1341C2A1} = {9FF6CA3E-39E2-4DE9-82C1-A510776B2587}
		{1C5C4C02-12BD-4CEE-A1C3-E355B47C4AA7} = {A023B395-C472-44E5-AF65-3C8F98FA668B}
	EndGlobalSection
EndGlobal
